# This file is automatically @generated by Cargo.
# It is not intended for manual editing.
version = 4

[[package]]
name = "openhl"
version = "0.1.0"

[[package]]
name = "openhl-clob"
version = "0.1.0"

[[package]]
name = "openhl-codec"
version = "0.1.0"

[[package]]
name = "openhl-consensus"
version = "0.1.0"

[[package]]
name = "openhl-evm"
version = "0.1.0"

[[package]]
name = "openhl-funding"
version = "0.1.0"

[[package]]
name = "openhl-liquidation"
version = "0.1.0"

[[package]]
name = "openhl-node"
version = "0.1.0"

[[package]]
name = "openhl-oracle"
version = "0.1.0"

[[package]]
name = "openhl-types"
version = "0.1.0"

[[package]]
name = "openhl-vault"
version = "0.1.0"
